
Microsoft Visual Studio Solution File, Format Version 12.00
# Visual Studio Version 17
VisualStudioVersion = 17.4.33205.214
MinimumVisualStudioVersion = 10.0.40219.1
Project("{FAE04EC0-301F-11D3-BF4B-00C04F79EFBC}") = "FoodAPI-Console", "FoodAPI-Console.csproj", "{DA92BC03-8177-4AA1-B47D-C0E1DA469CA8}"
EndProject
Global
	GlobalSection(SolutionConfigurationPlatforms) = preSolution
		Debug|Any CPU = Debug|Any CPU
		Release|Any CPU = Release|Any CPU
	EndGlobalSection
	GlobalSection(ProjectConfigurationPlatforms) = postSolution
		{DA92BC03-8177-4AA1-B47D-C0E1DA469CA8}.Debug|Any CPU.ActiveCfg = Debug|Any CPU
		{DA92BC03-8177-4AA1-B47D-C0E1DA469CA8}.Debug|Any CPU.Build.0 = Debug|Any CPU
		{DA92BC03-8177-4AA1-B47D-C0E1DA469CA8}.Release|Any CPU.ActiveCfg = Release|Any CPU
		{DA92BC03-8177-4AA1-B47D-C0E1DA469CA8}.Release|Any CPU.Build.0 = Release|Any CPU
	EndGlobalSection
	GlobalSection(SolutionProperties) = preSolution
		HideSolutionNode = FALSE
	EndGlobalSection
	GlobalSection(ExtensibilityGlobals) = postSolution
		SolutionGuid = {64CAAD2C-34A9-4D79-A8C0-37A3167F1613}
	EndGlobalSection
EndGlobal
